
Microsoft Visual Studio Solution File, Format Version 12.00
# Visual Studio Version 16
VisualStudioVersion = 16.0.31410.357
MinimumVisualStudioVersion = 10.0.40219.1
Project("{FAE04EC0-301F-11D3-BF4B-00C04F79EFBC}") = "N-ableDotNet", "N-ableDotNet\N-ableDotNet.csproj", "{93D1116E-023D-4748-BCE4-4D1D102C3177}"
EndProject
Global
	GlobalSection(SolutionConfigurationPlatforms) = preSolution
		Debug|Any CPU = Debug|Any CPU
		Release|Any CPU = Release|Any CPU
	EndGlobalSection
	GlobalSection(ProjectConfigurationPlatforms) = postSolution
		{93D1116E-023D-4748-BCE4-4D1D102C3177}.Debug|Any CPU.ActiveCfg = Debug|Any CPU
		{93D1116E-023D-4748-BCE4-4D1D102C3177}.Debug|Any CPU.Build.0 = Debug|Any CPU
		{93D1116E-023D-4748-BCE4-4D1D102C3177}.Release|Any CPU.ActiveCfg = Release|Any CPU
		{93D1116E-023D-4748-BCE4-4D1D102C3177}.Release|Any CPU.Build.0 = Release|Any CPU
	EndGlobalSection
	GlobalSection(SolutionProperties) = preSolution
		HideSolutionNode = FALSE
	EndGlobalSection
	GlobalSection(ExtensibilityGlobals) = postSolution
		SolutionGuid = {439D9E0E-F4FE-452C-9A6F-AC7CCC5786F1}
	EndGlobalSection
EndGlobal
